// !$*UTF8*$!
{
	archiveVersion = 1;
	classes = {
	};
	objectVersion = 52;
	objects = {

/* Begin PBXBuildFile section */
		553322FA2653A970006FE9B7 /* String+Extension.swift in Sources */ = {isa = PBXBuildFile; fileRef = 553322F92653A970006FE9B7 /* String+Extension.swift */; };
		553322FC2653B953006FE9B7 /* Date+Extension.swift in Sources */ = {isa = PBXBuildFile; fileRef = 553322FB2653B953006FE9B7 /* Date+Extension.swift */; };
		55A763B9265B75E100FC54F0 /* Introspect in Frameworks */ = {isa = PBXBuildFile; productRef = 55A763B8265B75E100FC54F0 /* Introspect */; };
		55B4D1952654CAD0005D1A6B /* Geetest in Resources */ = {isa = PBXBuildFile; fileRef = 55B4D1942654CAD0005D1A6B /* Geetest */; };
		55B583192654F424008D65C5 /* DispatchSemaphore+Extension.swift in Sources */ = {isa = PBXBuildFile; fileRef = 55B583182654F424008D65C5 /* DispatchSemaphore+Extension.swift */; };
		55B5FA6826554269008D65C5 /* LoginView.swift in Sources */ = {isa = PBXBuildFile; fileRef = 55B5FA6726554269008D65C5 /* LoginView.swift */; };
		55B5FA6A26554A8C008D65C5 /* LoginView+Controller.swift in Sources */ = {isa = PBXBuildFile; fileRef = 55B5FA6926554A8C008D65C5 /* LoginView+Controller.swift */; };
		55E0756826539F210047CD8B /* AppDelegate.swift in Sources */ = {isa = PBXBuildFile; fileRef = 55E0756726539F210047CD8B /* AppDelegate.swift */; };
		55E0756A26539F210047CD8B /* SceneDelegate.swift in Sources */ = {isa = PBXBuildFile; fileRef = 55E0756926539F210047CD8B /* SceneDelegate.swift */; };
		55E0757126539F240047CD8B /* Assets.xcassets in Resources */ = {isa = PBXBuildFile; fileRef = 55E0757026539F240047CD8B /* Assets.xcassets */; };
		55E0757426539F240047CD8B /* LaunchScreen.storyboard in Resources */ = {isa = PBXBuildFile; fileRef = 55E0757226539F240047CD8B /* LaunchScreen.storyboard */; };
		55E0930E2653A48A0047CD8B /* Alamofire in Frameworks */ = {isa = PBXBuildFile; productRef = 55E0930D2653A48A0047CD8B /* Alamofire */; };
		55E093102653A4F00047CD8B /* APIManager.swift in Sources */ = {isa = PBXBuildFile; fileRef = 55E0930F2653A4F00047CD8B /* APIManager.swift */; };
		55FE0359265CA93E00595F78 /* View+Extension.swift in Sources */ = {isa = PBXBuildFile; fileRef = 55FE0358265CA93E00595F78 /* View+Extension.swift */; };
		55FE5DAD265CD0AC00595F78 /* RoundedCorner.swift in Sources */ = {isa = PBXBuildFile; fileRef = 55FE5DAC265CD0AC00595F78 /* RoundedCorner.swift */; };
		55FE9949265CDC1000595F78 /* SegmentItem.swift in Sources */ = {isa = PBXBuildFile; fileRef = 55FE9948265CDC1000595F78 /* SegmentItem.swift */; };
		ED21CA1826582E5500CEABAF /* DashboardView.swift in Sources */ = {isa = PBXBuildFile; fileRef = ED21CA1726582E5500CEABAF /* DashboardView.swift */; };
		ED21CA1D265839E800CEABAF /* Int+Extension.swift in Sources */ = {isa = PBXBuildFile; fileRef = ED21CA1C265839E800CEABAF /* Int+Extension.swift */; };
		ED27A4C4265BF7CB00EE6559 /* Publication.swift in Sources */ = {isa = PBXBuildFile; fileRef = ED27A4C3265BF7CB00EE6559 /* Publication.swift */; };
		ED27A4C6265BF98D00EE6559 /* Video.swift in Sources */ = {isa = PBXBuildFile; fileRef = ED27A4C5265BF98D00EE6559 /* Video.swift */; };
		ED27A4C8265BF99A00EE6559 /* Article.swift in Sources */ = {isa = PBXBuildFile; fileRef = ED27A4C7265BF99A00EE6559 /* Article.swift */; };
		ED27A4CC265C03A000EE6559 /* PublicationView.swift in Sources */ = {isa = PBXBuildFile; fileRef = ED27A4CB265C03A000EE6559 /* PublicationView.swift */; };
		ED44A530265A181700AF5089 /* RootTabView.swift in Sources */ = {isa = PBXBuildFile; fileRef = ED44A52F265A181700AF5089 /* RootTabView.swift */; };
		ED4515A22655863E00825D8A /* Account.swift in Sources */ = {isa = PBXBuildFile; fileRef = ED4515A12655863E00825D8A /* Account.swift */; };
		ED4515A52656132400825D8A /* APIDebugView.swift in Sources */ = {isa = PBXBuildFile; fileRef = ED4515A42656132400825D8A /* APIDebugView.swift */; };
		EDACFD92265ADB41004FC0A6 /* BlurEffectView.swift in Sources */ = {isa = PBXBuildFile; fileRef = EDACFD91265ADB41004FC0A6 /* BlurEffectView.swift */; };
		EDC90E8D265960D8006BF418 /* CyanKit in Frameworks */ = {isa = PBXBuildFile; productRef = EDC90E8C265960D8006BF418 /* CyanKit */; };
		EDE221052656B87800EBBFF2 /* APIDebugList.swift in Sources */ = {isa = PBXBuildFile; fileRef = EDE221042656B87800EBBFF2 /* APIDebugList.swift */; };
		EDF46F1B2658CA7300BFA461 /* AppContext.swift in Sources */ = {isa = PBXBuildFile; fileRef = EDF46F1A2658CA7300BFA461 /* AppContext.swift */; };
		EDF46F212658D55B00BFA461 /* SDWebImageSwiftUI in Frameworks */ = {isa = PBXBuildFile; productRef = EDF46F202658D55B00BFA461 /* SDWebImageSwiftUI */; };
		EDF46F232658DE2300BFA461 /* UIColor+Extension.swift in Sources */ = {isa = PBXBuildFile; fileRef = EDF46F222658DE2300BFA461 /* UIColor+Extension.swift */; };
		EDF46F252658EC9D00BFA461 /* HostingController.swift in Sources */ = {isa = PBXBuildFile; fileRef = EDF46F242658EC9D00BFA461 /* HostingController.swift */; };
		EDF46F272658F16300BFA461 /* Double+Extension.swift in Sources */ = {isa = PBXBuildFile; fileRef = EDF46F262658F16300BFA461 /* Double+Extension.swift */; };
/* End PBXBuildFile section */

/* Begin PBXFileReference section */
		553322F92653A970006FE9B7 /* String+Extension.swift */ = {isa = PBXFileReference; lastKnownFileType = sourcecode.swift; path = "String+Extension.swift"; sourceTree = "<group>"; };
		553322FB2653B953006FE9B7 /* Date+Extension.swift */ = {isa = PBXFileReference; lastKnownFileType = sourcecode.swift; path = "Date+Extension.swift"; sourceTree = "<group>"; };
		55B4D1942654CAD0005D1A6B /* Geetest */ = {isa = PBXFileReference; lastKnownFileType = folder; path = Geetest; sourceTree = "<group>"; };
		55B583182654F424008D65C5 /* DispatchSemaphore+Extension.swift */ = {isa = PBXFileReference; lastKnownFileType = sourcecode.swift; path = "DispatchSemaphore+Extension.swift"; sourceTree = "<group>"; };
		55B5FA6726554269008D65C5 /* LoginView.swift */ = {isa = PBXFileReference; lastKnownFileType = sourcecode.swift; path = LoginView.swift; sourceTree = "<group>"; };
		55B5FA6926554A8C008D65C5 /* LoginView+Controller.swift */ = {isa = PBXFileReference; lastKnownFileType = sourcecode.swift; path = "LoginView+Controller.swift"; sourceTree = "<group>"; };
		55E0756426539F210047CD8B /* BilibiliMemberTools.app */ = {isa = PBXFileReference; explicitFileType = wrapper.application; includeInIndex = 0; path = BilibiliMemberTools.app; sourceTree = BUILT_PRODUCTS_DIR; };
		55E0756726539F210047CD8B /* AppDelegate.swift */ = {isa = PBXFileReference; lastKnownFileType = sourcecode.swift; path = AppDelegate.swift; sourceTree = "<group>"; };
		55E0756926539F210047CD8B /* SceneDelegate.swift */ = {isa = PBXFileReference; lastKnownFileType = sourcecode.swift; path = SceneDelegate.swift; sourceTree = "<group>"; };
		55E0757026539F240047CD8B /* Assets.xcassets */ = {isa = PBXFileReference; lastKnownFileType = folder.assetcatalog; path = Assets.xcassets; sourceTree = "<group>"; };
		55E0757326539F240047CD8B /* Base */ = {isa = PBXFileReference; lastKnownFileType = file.storyboard; name = Base; path = Base.lproj/LaunchScreen.storyboard; sourceTree = "<group>"; };
		55E0757526539F240047CD8B /* Info.plist */ = {isa = PBXFileReference; lastKnownFileType = text.plist.xml; path = Info.plist; sourceTree = "<group>"; };
		55E0930F2653A4F00047CD8B /* APIManager.swift */ = {isa = PBXFileReference; lastKnownFileType = sourcecode.swift; path = APIManager.swift; sourceTree = "<group>"; };
		55FE0358265CA93E00595F78 /* View+Extension.swift */ = {isa = PBXFileReference; lastKnownFileType = sourcecode.swift; path = "View+Extension.swift"; sourceTree = "<group>"; };
		55FE5DAC265CD0AC00595F78 /* RoundedCorner.swift */ = {isa = PBXFileReference; lastKnownFileType = sourcecode.swift; path = RoundedCorner.swift; sourceTree = "<group>"; };
		55FE9948265CDC1000595F78 /* SegmentItem.swift */ = {isa = PBXFileReference; lastKnownFileType = sourcecode.swift; path = SegmentItem.swift; sourceTree = "<group>"; };
		ED21CA1726582E5500CEABAF /* DashboardView.swift */ = {isa = PBXFileReference; lastKnownFileType = sourcecode.swift; path = DashboardView.swift; sourceTree = "<group>"; };
		ED21CA1C265839E800CEABAF /* Int+Extension.swift */ = {isa = PBXFileReference; lastKnownFileType = sourcecode.swift; path = "Int+Extension.swift"; sourceTree = "<group>"; };
		ED27A4C3265BF7CB00EE6559 /* Publication.swift */ = {isa = PBXFileReference; lastKnownFileType = sourcecode.swift; path = Publication.swift; sourceTree = "<group>"; };
		ED27A4C5265BF98D00EE6559 /* Video.swift */ = {isa = PBXFileReference; lastKnownFileType = sourcecode.swift; path = Video.swift; sourceTree = "<group>"; };
		ED27A4C7265BF99A00EE6559 /* Article.swift */ = {isa = PBXFileReference; lastKnownFileType = sourcecode.swift; path = Article.swift; sourceTree = "<group>"; };
		ED27A4CB265C03A000EE6559 /* PublicationView.swift */ = {isa = PBXFileReference; lastKnownFileType = sourcecode.swift; path = PublicationView.swift; sourceTree = "<group>"; };
		ED44A52F265A181700AF5089 /* RootTabView.swift */ = {isa = PBXFileReference; lastKnownFileType = sourcecode.swift; path = RootTabView.swift; sourceTree = "<group>"; };
		ED4515A12655863E00825D8A /* Account.swift */ = {isa = PBXFileReference; lastKnownFileType = sourcecode.swift; path = Account.swift; sourceTree = "<group>"; };
		ED4515A42656132400825D8A /* APIDebugView.swift */ = {isa = PBXFileReference; lastKnownFileType = sourcecode.swift; path = APIDebugView.swift; sourceTree = "<group>"; };
		EDACFD91265ADB41004FC0A6 /* BlurEffectView.swift */ = {isa = PBXFileReference; lastKnownFileType = sourcecode.swift; path = BlurEffectView.swift; sourceTree = "<group>"; };
		EDE221042656B87800EBBFF2 /* APIDebugList.swift */ = {isa = PBXFileReference; lastKnownFileType = sourcecode.swift; path = APIDebugList.swift; sourceTree = "<group>"; };
		EDF46F1A2658CA7300BFA461 /* AppContext.swift */ = {isa = PBXFileReference; lastKnownFileType = sourcecode.swift; path = AppContext.swift; sourceTree = "<group>"; };
		EDF46F222658DE2300BFA461 /* UIColor+Extension.swift */ = {isa = PBXFileReference; lastKnownFileType = sourcecode.swift; path = "UIColor+Extension.swift"; sourceTree = "<group>"; };
		EDF46F242658EC9D00BFA461 /* HostingController.swift */ = {isa = PBXFileReference; lastKnownFileType = sourcecode.swift; path = HostingController.swift; sourceTree = "<group>"; };
		EDF46F262658F16300BFA461 /* Double+Extension.swift */ = {isa = PBXFileReference; lastKnownFileType = sourcecode.swift; path = "Double+Extension.swift"; sourceTree = "<group>"; };
/* End PBXFileReference section */

/* Begin PBXFrameworksBuildPhase section */
		55E0756126539F210047CD8B /* Frameworks */ = {
			isa = PBXFrameworksBuildPhase;
			buildActionMask = 2147483647;
			files = (
				EDC90E8D265960D8006BF418 /* CyanKit in Frameworks */,
				55A763B9265B75E100FC54F0 /* Introspect in Frameworks */,
				EDF46F212658D55B00BFA461 /* SDWebImageSwiftUI in Frameworks */,
				55E0930E2653A48A0047CD8B /* Alamofire in Frameworks */,
			);
			runOnlyForDeploymentPostprocessing = 0;
		};
/* End PBXFrameworksBuildPhase section */

/* Begin PBXGroup section */
		553322F82653A94C006FE9B7 /* Extension */ = {
			isa = PBXGroup;
			children = (
				553322F92653A970006FE9B7 /* String+Extension.swift */,
				553322FB2653B953006FE9B7 /* Date+Extension.swift */,
				55B583182654F424008D65C5 /* DispatchSemaphore+Extension.swift */,
				ED21CA1C265839E800CEABAF /* Int+Extension.swift */,
				EDF46F222658DE2300BFA461 /* UIColor+Extension.swift */,
				EDF46F242658EC9D00BFA461 /* HostingController.swift */,
				EDF46F262658F16300BFA461 /* Double+Extension.swift */,
				55FE0358265CA93E00595F78 /* View+Extension.swift */,
			);
			path = Extension;
			sourceTree = "<group>";
		};
		55B5831C2654FCD7008D65C5 /* Page */ = {
			isa = PBXGroup;
			children = (
				55B5FA6726554269008D65C5 /* LoginView.swift */,
				ED21CA1726582E5500CEABAF /* DashboardView.swift */,
				ED27A4CB265C03A000EE6559 /* PublicationView.swift */,
				ED44A52C265A179800AF5089 /* Views */,
				ED4515A32656131600825D8A /* Debug */,
			);
			path = Page;
			sourceTree = "<group>";
		};
		55E0755B26539F210047CD8B = {
			isa = PBXGroup;
			children = (
				55E0756626539F210047CD8B /* BilibiliMemberTools */,
				55E0756526539F210047CD8B /* Products */,
			);
			sourceTree = "<group>";
		};
		55E0756526539F210047CD8B /* Products */ = {
			isa = PBXGroup;
			children = (
				55E0756426539F210047CD8B /* BilibiliMemberTools.app */,
			);
			name = Products;
			sourceTree = "<group>";
		};
		55E0756626539F210047CD8B /* BilibiliMemberTools */ = {
			isa = PBXGroup;
			children = (
				55E0756726539F210047CD8B /* AppDelegate.swift */,
				55E0756926539F210047CD8B /* SceneDelegate.swift */,
				55B5831C2654FCD7008D65C5 /* Page */,
				EDF46F192658CA3800BFA461 /* Controller */,
				55E0B0A22653A5970047CD8B /* API */,
				ED45159F2655860F00825D8A /* Models */,
				553322F82653A94C006FE9B7 /* Extension */,
				55B4D1942654CAD0005D1A6B /* Geetest */,
				55E0757026539F240047CD8B /* Assets.xcassets */,
				55E0757226539F240047CD8B /* LaunchScreen.storyboard */,
				55E0757526539F240047CD8B /* Info.plist */,
			);
			path = BilibiliMemberTools;
			sourceTree = "<group>";
		};
		55E0B0A22653A5970047CD8B /* API */ = {
			isa = PBXGroup;
			children = (
				55E0930F2653A4F00047CD8B /* APIManager.swift */,
			);
			path = API;
			sourceTree = "<group>";
		};
		ED44A52C265A179800AF5089 /* Views */ = {
			isa = PBXGroup;
			children = (
				ED44A52F265A181700AF5089 /* RootTabView.swift */,
				EDACFD91265ADB41004FC0A6 /* BlurEffectView.swift */,
				55FE5DAC265CD0AC00595F78 /* RoundedCorner.swift */,
				55FE9948265CDC1000595F78 /* SegmentItem.swift */,
			);
			path = Views;
			sourceTree = "<group>";
		};
		ED45159F2655860F00825D8A /* Models */ = {
			isa = PBXGroup;
			children = (
				ED4515A12655863E00825D8A /* Account.swift */,
				ED27A4C3265BF7CB00EE6559 /* Publication.swift */,
				ED27A4C5265BF98D00EE6559 /* Video.swift */,
				ED27A4C7265BF99A00EE6559 /* Article.swift */,
			);
			path = Models;
			sourceTree = "<group>";
		};
		ED4515A32656131600825D8A /* Debug */ = {
			isa = PBXGroup;
			children = (
				ED4515A42656132400825D8A /* APIDebugView.swift */,
				EDE221042656B87800EBBFF2 /* APIDebugList.swift */,
			);
			path = Debug;
			sourceTree = "<group>";
		};
		EDF46F192658CA3800BFA461 /* Controller */ = {
			isa = PBXGroup;
			children = (
				EDF46F1A2658CA7300BFA461 /* AppContext.swift */,
				55B5FA6926554A8C008D65C5 /* LoginView+Controller.swift */,
			);
			path = Controller;
			sourceTree = "<group>";
		};
/* End PBXGroup section */

/* Begin PBXNativeTarget section */
		55E0756326539F210047CD8B /* BilibiliMemberTools */ = {
			isa = PBXNativeTarget;
			buildConfigurationList = 55E0757826539F240047CD8B /* Build configuration list for PBXNativeTarget "BilibiliMemberTools" */;
			buildPhases = (
				55E0756026539F210047CD8B /* Sources */,
				55E0756126539F210047CD8B /* Frameworks */,
				55E0756226539F210047CD8B /* Resources */,
			);
			buildRules = (
			);
			dependencies = (
			);
			name = BilibiliMemberTools;
			packageProductDependencies = (
				55E0930D2653A48A0047CD8B /* Alamofire */,
				EDF46F202658D55B00BFA461 /* SDWebImageSwiftUI */,
				EDC90E8C265960D8006BF418 /* CyanKit */,
				55A763B8265B75E100FC54F0 /* Introspect */,
			);
			productName = BilibiliMemberTools;
			productReference = 55E0756426539F210047CD8B /* BilibiliMemberTools.app */;
			productType = "com.apple.product-type.application";
		};
/* End PBXNativeTarget section */

/* Begin PBXProject section */
		55E0755C26539F210047CD8B /* Project object */ = {
			isa = PBXProject;
			attributes = {
				LastSwiftUpdateCheck = 1250;
				LastUpgradeCheck = 1250;
				TargetAttributes = {
					55E0756326539F210047CD8B = {
						CreatedOnToolsVersion = 12.5;
					};
				};
			};
			buildConfigurationList = 55E0755F26539F210047CD8B /* Build configuration list for PBXProject "BilibiliMemberTools" */;
			compatibilityVersion = "Xcode 9.3";
			developmentRegion = en;
			hasScannedForEncodings = 0;
			knownRegions = (
				en,
				Base,
			);
			mainGroup = 55E0755B26539F210047CD8B;
			packageReferences = (
				55E0930C2653A48A0047CD8B /* XCRemoteSwiftPackageReference "Alamofire" */,
				EDF46F1F2658D55B00BFA461 /* XCRemoteSwiftPackageReference "SDWebImageSwiftUI" */,
				EDC90E8B265960D8006BF418 /* XCRemoteSwiftPackageReference "CyanKit" */,
				55A763B7265B75E000FC54F0 /* XCRemoteSwiftPackageReference "SwiftUI-Introspect" */,
			);
			productRefGroup = 55E0756526539F210047CD8B /* Products */;
			projectDirPath = "";
			projectRoot = "";
			targets = (
				55E0756326539F210047CD8B /* BilibiliMemberTools */,
			);
		};
/* End PBXProject section */

/* Begin PBXResourcesBuildPhase section */
		55E0756226539F210047CD8B /* Resources */ = {
			isa = PBXResourcesBuildPhase;
			buildActionMask = 2147483647;
			files = (
				55B4D1952654CAD0005D1A6B /* Geetest in Resources */,
				55E0757426539F240047CD8B /* LaunchScreen.storyboard in Resources */,
				55E0757126539F240047CD8B /* Assets.xcassets in Resources */,
			);
			runOnlyForDeploymentPostprocessing = 0;
		};
/* End PBXResourcesBuildPhase section */

/* Begin PBXSourcesBuildPhase section */
		55E0756026539F210047CD8B /* Sources */ = {
			isa = PBXSourcesBuildPhase;
			buildActionMask = 2147483647;
			files = (
				ED27A4C8265BF99A00EE6559 /* Article.swift in Sources */,
				ED21CA1D265839E800CEABAF /* Int+Extension.swift in Sources */,
				55FE5DAD265CD0AC00595F78 /* RoundedCorner.swift in Sources */,
				55E093102653A4F00047CD8B /* APIManager.swift in Sources */,
				EDF46F272658F16300BFA461 /* Double+Extension.swift in Sources */,
				55B5FA6A26554A8C008D65C5 /* LoginView+Controller.swift in Sources */,
				ED44A530265A181700AF5089 /* RootTabView.swift in Sources */,
				EDF46F252658EC9D00BFA461 /* HostingController.swift in Sources */,
				ED27A4C4265BF7CB00EE6559 /* Publication.swift in Sources */,
				ED4515A52656132400825D8A /* APIDebugView.swift in Sources */,
				55B5FA6826554269008D65C5 /* LoginView.swift in Sources */,
				55FE0359265CA93E00595F78 /* View+Extension.swift in Sources */,
				55E0756826539F210047CD8B /* AppDelegate.swift in Sources */,
				EDF46F232658DE2300BFA461 /* UIColor+Extension.swift in Sources */,
				EDE221052656B87800EBBFF2 /* APIDebugList.swift in Sources */,
				ED4515A22655863E00825D8A /* Account.swift in Sources */,
				55FE9949265CDC1000595F78 /* SegmentItem.swift in Sources */,
				553322FA2653A970006FE9B7 /* String+Extension.swift in Sources */,
				55E0756A26539F210047CD8B /* SceneDelegate.swift in Sources */,
				553322FC2653B953006FE9B7 /* Date+Extension.swift in Sources */,
				EDF46F1B2658CA7300BFA461 /* AppContext.swift in Sources */,
				ED21CA1826582E5500CEABAF /* DashboardView.swift in Sources */,
				ED27A4C6265BF98D00EE6559 /* Video.swift in Sources */,
				ED27A4CC265C03A000EE6559 /* PublicationView.swift in Sources */,
				EDACFD92265ADB41004FC0A6 /* BlurEffectView.swift in Sources */,
				55B583192654F424008D65C5 /* DispatchSemaphore+Extension.swift in Sources */,
			);
			runOnlyForDeploymentPostprocessing = 0;
		};
/* End PBXSourcesBuildPhase section */

/* Begin PBXVariantGroup section */
		55E0757226539F240047CD8B /* LaunchScreen.storyboard */ = {
			isa = PBXVariantGroup;
			children = (
				55E0757326539F240047CD8B /* Base */,
			);
			name = LaunchScreen.storyboard;
			sourceTree = "<group>";
		};
/* End PBXVariantGroup section */

/* Begin XCBuildConfiguration section */
		55E0757626539F240047CD8B /* Debug */ = {
			isa = XCBuildConfiguration;
			buildSettings = {
				ALWAYS_SEARCH_USER_PATHS = NO;
				CLANG_ANALYZER_NONNULL = YES;
				CLANG_ANALYZER_NUMBER_OBJECT_CONVERSION = YES_AGGRESSIVE;
				CLANG_CXX_LANGUAGE_STANDARD = "gnu++14";
				CLANG_CXX_LIBRARY = "libc++";
				CLANG_ENABLE_MODULES = YES;
				CLANG_ENABLE_OBJC_ARC = YES;
				CLANG_ENABLE_OBJC_WEAK = YES;
				CLANG_WARN_BLOCK_CAPTURE_AUTORELEASING = YES;
				CLANG_WARN_BOOL_CONVERSION = YES;
				CLANG_WARN_COMMA = YES;
				CLANG_WARN_CONSTANT_CONVERSION = YES;
				CLANG_WARN_DEPRECATED_OBJC_IMPLEMENTATIONS = YES;
				CLANG_WARN_DIRECT_OBJC_ISA_USAGE = YES_ERROR;
				CLANG_WARN_DOCUMENTATION_COMMENTS = YES;
				CLANG_WARN_EMPTY_BODY = YES;
				CLANG_WARN_ENUM_CONVERSION = YES;
				CLANG_WARN_INFINITE_RECURSION = YES;
				CLANG_WARN_INT_CONVERSION = YES;
				CLANG_WARN_NON_LITERAL_NULL_CONVERSION = YES;
				CLANG_WARN_OBJC_IMPLICIT_RETAIN_SELF = YES;
				CLANG_WARN_OBJC_LITERAL_CONVERSION = YES;
				CLANG_WARN_OBJC_ROOT_CLASS = YES_ERROR;
				CLANG_WARN_QUOTED_INCLUDE_IN_FRAMEWORK_HEADER = YES;
				CLANG_WARN_RANGE_LOOP_ANALYSIS = YES;
				CLANG_WARN_STRICT_PROTOTYPES = YES;
				CLANG_WARN_SUSPICIOUS_MOVE = YES;
				CLANG_WARN_UNGUARDED_AVAILABILITY = YES_AGGRESSIVE;
				CLANG_WARN_UNREACHABLE_CODE = YES;
				CLANG_WARN__DUPLICATE_METHOD_MATCH = YES;
				COPY_PHASE_STRIP = NO;
				DEBUG_INFORMATION_FORMAT = dwarf;
				ENABLE_STRICT_OBJC_MSGSEND = YES;
				ENABLE_TESTABILITY = YES;
				GCC_C_LANGUAGE_STANDARD = gnu11;
				GCC_DYNAMIC_NO_PIC = NO;
				GCC_NO_COMMON_BLOCKS = YES;
				GCC_OPTIMIZATION_LEVEL = 0;
				GCC_PREPROCESSOR_DEFINITIONS = (
					"DEBUG=1",
					"$(inherited)",
				);
				GCC_WARN_64_TO_32_BIT_CONVERSION = YES;
				GCC_WARN_ABOUT_RETURN_TYPE = YES_ERROR;
				GCC_WARN_UNDECLARED_SELECTOR = YES;
				GCC_WARN_UNINITIALIZED_AUTOS = YES_AGGRESSIVE;
				GCC_WARN_UNUSED_FUNCTION = YES;
				GCC_WARN_UNUSED_VARIABLE = YES;
				IPHONEOS_DEPLOYMENT_TARGET = 14.5;
				MTL_ENABLE_DEBUG_INFO = INCLUDE_SOURCE;
				MTL_FAST_MATH = YES;
				ONLY_ACTIVE_ARCH = YES;
				SDKROOT = iphoneos;
				SWIFT_ACTIVE_COMPILATION_CONDITIONS = DEBUG;
				SWIFT_OPTIMIZATION_LEVEL = "-Onone";
			};
			name = Debug;
		};
		55E0757726539F240047CD8B /* Release */ = {
			isa = XCBuildConfiguration;
			buildSettings = {
				ALWAYS_SEARCH_USER_PATHS = NO;
				CLANG_ANALYZER_NONNULL = YES;
				CLANG_ANALYZER_NUMBER_OBJECT_CONVERSION = YES_AGGRESSIVE;
				CLANG_CXX_LANGUAGE_STANDARD = "gnu++14";
				CLANG_CXX_LIBRARY = "libc++";
				CLANG_ENABLE_MODULES = YES;
				CLANG_ENABLE_OBJC_ARC = YES;
				CLANG_ENABLE_OBJC_WEAK = YES;
				CLANG_WARN_BLOCK_CAPTURE_AUTORELEASING = YES;
				CLANG_WARN_BOOL_CONVERSION = YES;
				CLANG_WARN_COMMA = YES;
				CLANG_WARN_CONSTANT_CONVERSION = YES;
				CLANG_WARN_DEPRECATED_OBJC_IMPLEMENTATIONS = YES;
				CLANG_WARN_DIRECT_OBJC_ISA_USAGE = YES_ERROR;
				CLANG_WARN_DOCUMENTATION_COMMENTS = YES;
				CLANG_WARN_EMPTY_BODY = YES;
				CLANG_WARN_ENUM_CONVERSION = YES;
				CLANG_WARN_INFINITE_RECURSION = YES;
				CLANG_WARN_INT_CONVERSION = YES;
				CLANG_WARN_NON_LITERAL_NULL_CONVERSION = YES;
				CLANG_WARN_OBJC_IMPLICIT_RETAIN_SELF = YES;
				CLANG_WARN_OBJC_LITERAL_CONVERSION = YES;
				CLANG_WARN_OBJC_ROOT_CLASS = YES_ERROR;
				CLANG_WARN_QUOTED_INCLUDE_IN_FRAMEWORK_HEADER = YES;
				CLANG_WARN_RANGE_LOOP_ANALYSIS = YES;
				CLANG_WARN_STRICT_PROTOTYPES = YES;
				CLANG_WARN_SUSPICIOUS_MOVE = YES;
				CLANG_WARN_UNGUARDED_AVAILABILITY = YES_AGGRESSIVE;
				CLANG_WARN_UNREACHABLE_CODE = YES;
				CLANG_WARN__DUPLICATE_METHOD_MATCH = YES;
				COPY_PHASE_STRIP = NO;
				DEBUG_INFORMATION_FORMAT = "dwarf-with-dsym";
				ENABLE_NS_ASSERTIONS = NO;
				ENABLE_STRICT_OBJC_MSGSEND = YES;
				GCC_C_LANGUAGE_STANDARD = gnu11;
				GCC_NO_COMMON_BLOCKS = YES;
				GCC_WARN_64_TO_32_BIT_CONVERSION = YES;
				GCC_WARN_ABOUT_RETURN_TYPE = YES_ERROR;
				GCC_WARN_UNDECLARED_SELECTOR = YES;
				GCC_WARN_UNINITIALIZED_AUTOS = YES_AGGRESSIVE;
				GCC_WARN_UNUSED_FUNCTION = YES;
				GCC_WARN_UNUSED_VARIABLE = YES;
				IPHONEOS_DEPLOYMENT_TARGET = 14.5;
				MTL_ENABLE_DEBUG_INFO = NO;
				MTL_FAST_MATH = YES;
				SDKROOT = iphoneos;
				SWIFT_COMPILATION_MODE = wholemodule;
				SWIFT_OPTIMIZATION_LEVEL = "-O";
				VALIDATE_PRODUCT = YES;
			};
			name = Release;
		};
		55E0757926539F240047CD8B /* Debug */ = {
			isa = XCBuildConfiguration;
			buildSettings = {
				ASSETCATALOG_COMPILER_APPICON_NAME = AppIcon;
				ASSETCATALOG_COMPILER_GLOBAL_ACCENT_COLOR_NAME = AccentColor;
				CODE_SIGN_STYLE = Automatic;
				DEVELOPMENT_TEAM = V8K4KDZ2JN;
				INFOPLIST_FILE = BilibiliMemberTools/Info.plist;
				IPHONEOS_DEPLOYMENT_TARGET = 14.1;
				LD_RUNPATH_SEARCH_PATHS = (
					"$(inherited)",
					"@executable_path/Frameworks",
				);
				MARKETING_VERSION = 1.0.0;
				PRODUCT_BUNDLE_IDENTIFIER = me.ktiays.BilibiliMemberTools;
				PRODUCT_NAME = "$(TARGET_NAME)";
				SWIFT_VERSION = 5.0;
				TARGETED_DEVICE_FAMILY = 1;
			};
			name = Debug;
		};
		55E0757A26539F240047CD8B /* Release */ = {
			isa = XCBuildConfiguration;
			buildSettings = {
				ASSETCATALOG_COMPILER_APPICON_NAME = AppIcon;
				ASSETCATALOG_COMPILER_GLOBAL_ACCENT_COLOR_NAME = AccentColor;
				CODE_SIGN_STYLE = Automatic;
				DEVELOPMENT_TEAM = V8K4KDZ2JN;
				INFOPLIST_FILE = BilibiliMemberTools/Info.plist;
				IPHONEOS_DEPLOYMENT_TARGET = 14.1;
				LD_RUNPATH_SEARCH_PATHS = (
					"$(inherited)",
					"@executable_path/Frameworks",
				);
				MARKETING_VERSION = 1.0.0;
				PRODUCT_BUNDLE_IDENTIFIER = me.ktiays.BilibiliMemberTools;
				PRODUCT_NAME = "$(TARGET_NAME)";
				SWIFT_VERSION = 5.0;
				TARGETED_DEVICE_FAMILY = 1;
			};
			name = Release;
		};
/* End XCBuildConfiguration section */

/* Begin XCConfigurationList section */
		55E0755F26539F210047CD8B /* Build configuration list for PBXProject "BilibiliMemberTools" */ = {
			isa = XCConfigurationList;
			buildConfigurations = (
				55E0757626539F240047CD8B /* Debug */,
				55E0757726539F240047CD8B /* Release */,
			);
			defaultConfigurationIsVisible = 0;
			defaultConfigurationName = Release;
		};
		55E0757826539F240047CD8B /* Build configuration list for PBXNativeTarget "BilibiliMemberTools" */ = {
			isa = XCConfigurationList;
			buildConfigurations = (
				55E0757926539F240047CD8B /* Debug */,
				55E0757A26539F240047CD8B /* Release */,
			);
			defaultConfigurationIsVisible = 0;
			defaultConfigurationName = Release;
		};
/* End XCConfigurationList section */

/* Begin XCRemoteSwiftPackageReference section */
		55A763B7265B75E000FC54F0 /* XCRemoteSwiftPackageReference "SwiftUI-Introspect" */ = {
			isa = XCRemoteSwiftPackageReference;
			repositoryURL = "https://github.com/siteline/SwiftUI-Introspect.git";
			requirement = {
				kind = upToNextMajorVersion;
				minimumVersion = 0.1.3;
			};
		};
		55E0930C2653A48A0047CD8B /* XCRemoteSwiftPackageReference "Alamofire" */ = {
			isa = XCRemoteSwiftPackageReference;
			repositoryURL = "https://github.com/Alamofire/Alamofire.git";
			requirement = {
				kind = upToNextMajorVersion;
				minimumVersion = 5.4.3;
			};
		};
		EDC90E8B265960D8006BF418 /* XCRemoteSwiftPackageReference "CyanKit" */ = {
			isa = XCRemoteSwiftPackageReference;
			repositoryURL = "git@github.com:IcyStudio/CyanKit.git";
			requirement = {
				branch = main;
				kind = branch;
			};
		};
		EDF46F1F2658D55B00BFA461 /* XCRemoteSwiftPackageReference "SDWebImageSwiftUI" */ = {
			isa = XCRemoteSwiftPackageReference;
			repositoryURL = "https://github.com/SDWebImage/SDWebImageSwiftUI.git";
			requirement = {
				kind = upToNextMajorVersion;
				minimumVersion = 2.0.2;
			};
		};
/* End XCRemoteSwiftPackageReference section */

/* Begin XCSwiftPackageProductDependency section */
		55A763B8265B75E100FC54F0 /* Introspect */ = {
			isa = XCSwiftPackageProductDependency;
			package = 55A763B7265B75E000FC54F0 /* XCRemoteSwiftPackageReference "SwiftUI-Introspect" */;
			productName = Introspect;
		};
		55E0930D2653A48A0047CD8B /* Alamofire */ = {
			isa = XCSwiftPackageProductDependency;
			package = 55E0930C2653A48A0047CD8B /* XCRemoteSwiftPackageReference "Alamofire" */;
			productName = Alamofire;
		};
		EDC90E8C265960D8006BF418 /* CyanKit */ = {
			isa = XCSwiftPackageProductDependency;
			package = EDC90E8B265960D8006BF418 /* XCRemoteSwiftPackageReference "CyanKit" */;
			productName = CyanKit;
		};
		EDF46F202658D55B00BFA461 /* SDWebImageSwiftUI */ = {
			isa = XCSwiftPackageProductDependency;
			package = EDF46F1F2658D55B00BFA461 /* XCRemoteSwiftPackageReference "SDWebImageSwiftUI" */;
			productName = SDWebImageSwiftUI;
		};
/* End XCSwiftPackageProductDependency section */
	};
	rootObject = 55E0755C26539F210047CD8B /* Project object */;
}
